
Microsoft Visual Studio Solution File, Format Version 12.00
# Visual Studio Version 17
VisualStudioVersion = 17.8.34525.116
MinimumVisualStudioVersion = 10.0.40219.1
Project("{FAE04EC0-301F-11D3-BF4B-00C04F79EFBC}") = "MVC_p08_EsmeraldaGarcia", "MVC_p08_EsmeraldaGarcia.csproj", "{5CAB1EB5-708E-4F3D-8FCA-6A1B4CF5A4EC}"
EndProject
Global
	GlobalSection(SolutionConfigurationPlatforms) = preSolution
		Debug|Any CPU = Debug|Any CPU
		Release|Any CPU = Release|Any CPU
	EndGlobalSection
	GlobalSection(ProjectConfigurationPlatforms) = postSolution
		{5CAB1EB5-708E-4F3D-8FCA-6A1B4CF5A4EC}.Debug|Any CPU.ActiveCfg = Debug|Any CPU
		{5CAB1EB5-708E-4F3D-8FCA-6A1B4CF5A4EC}.Debug|Any CPU.Build.0 = Debug|Any CPU
		{5CAB1EB5-708E-4F3D-8FCA-6A1B4CF5A4EC}.Release|Any CPU.ActiveCfg = Release|Any CPU
		{5CAB1EB5-708E-4F3D-8FCA-6A1B4CF5A4EC}.Release|Any CPU.Build.0 = Release|Any CPU
	EndGlobalSection
	GlobalSection(SolutionProperties) = preSolution
		HideSolutionNode = FALSE
	EndGlobalSection
	GlobalSection(ExtensibilityGlobals) = postSolution
		SolutionGuid = {3060199F-2FA7-4421-ADAB-FEF03E8A43CF}
	EndGlobalSection
EndGlobal
